
Microsoft Visual Studio Solution File, Format Version 12.00
# Visual Studio Version 17
VisualStudioVersion = 17.8.34525.116
MinimumVisualStudioVersion = 10.0.40219.1
Project("{FAE04EC0-301F-11D3-BF4B-00C04F79EFBC}") = "proj", "proj.csproj", "{8FA4D2C0-38EE-4E69-ABFE-D60411985DDE}"
EndProject
Global
	GlobalSection(SolutionConfigurationPlatforms) = preSolution
		Debug|Any CPU = Debug|Any CPU
		Release|Any CPU = Release|Any CPU
	EndGlobalSection
	GlobalSection(ProjectConfigurationPlatforms) = postSolution
		{8FA4D2C0-38EE-4E69-ABFE-D60411985DDE}.Debug|Any CPU.ActiveCfg = Debug|Any CPU
		{8FA4D2C0-38EE-4E69-ABFE-D60411985DDE}.Debug|Any CPU.Build.0 = Debug|Any CPU
		{8FA4D2C0-38EE-4E69-ABFE-D60411985DDE}.Release|Any CPU.ActiveCfg = Release|Any CPU
		{8FA4D2C0-38EE-4E69-ABFE-D60411985DDE}.Release|Any CPU.Build.0 = Release|Any CPU
	EndGlobalSection
	GlobalSection(SolutionProperties) = preSolution
		HideSolutionNode = FALSE
	EndGlobalSection
	GlobalSection(ExtensibilityGlobals) = postSolution
		SolutionGuid = {6B6BD693-B574-44A2-80FC-FA4CAFF34443}
	EndGlobalSection
EndGlobal
